
Microsoft Visual Studio Solution File, Format Version 12.00
# Visual Studio Version 16
VisualStudioVersion = 16.0.34301.259
MinimumVisualStudioVersion = 10.0.40219.1
Project("{FAE04EC0-301F-11D3-BF4B-00C04F79EFBC}") = "HsonAPILib", "HsonAPILib\HsonAPILib.csproj", "{2DE5FAFD-5B74-4DEA-8CFE-C10A9F729344}"
EndProject
Project("{9A19103F-16F7-4668-BE54-9A1E7A4F7556}") = "HsonWebAPI", "HsonWebAPI\HsonWebAPI.csproj", "{58DB20EB-434F-4239-9BAF-072F49FADB75}"
EndProject
Project("{FAE04EC0-301F-11D3-BF4B-00C04F79EFBC}") = "api_test", "api_test\api_test.csproj", "{54C208E9-8A57-4F1C-BB8D-2B72BC31426C}"
EndProject
Global
	GlobalSection(SolutionConfigurationPlatforms) = preSolution
		Debug|Any CPU = Debug|Any CPU
		Release|Any CPU = Release|Any CPU
	EndGlobalSection
	GlobalSection(ProjectConfigurationPlatforms) = postSolution
		{2DE5FAFD-5B74-4DEA-8CFE-C10A9F729344}.Debug|Any CPU.ActiveCfg = Debug|Any CPU
		{2DE5FAFD-5B74-4DEA-8CFE-C10A9F729344}.Debug|Any CPU.Build.0 = Debug|Any CPU
		{2DE5FAFD-5B74-4DEA-8CFE-C10A9F729344}.Release|Any CPU.ActiveCfg = Release|Any CPU
		{2DE5FAFD-5B74-4DEA-8CFE-C10A9F729344}.Release|Any CPU.Build.0 = Release|Any CPU
		{58DB20EB-434F-4239-9BAF-072F49FADB75}.Debug|Any CPU.ActiveCfg = Debug|Any CPU
		{58DB20EB-434F-4239-9BAF-072F49FADB75}.Debug|Any CPU.Build.0 = Debug|Any CPU
		{58DB20EB-434F-4239-9BAF-072F49FADB75}.Release|Any CPU.ActiveCfg = Release|Any CPU
		{58DB20EB-434F-4239-9BAF-072F49FADB75}.Release|Any CPU.Build.0 = Release|Any CPU
		{54C208E9-8A57-4F1C-BB8D-2B72BC31426C}.Debug|Any CPU.ActiveCfg = Debug|Any CPU
		{54C208E9-8A57-4F1C-BB8D-2B72BC31426C}.Debug|Any CPU.Build.0 = Debug|Any CPU
		{54C208E9-8A57-4F1C-BB8D-2B72BC31426C}.Release|Any CPU.ActiveCfg = Release|Any CPU
		{54C208E9-8A57-4F1C-BB8D-2B72BC31426C}.Release|Any CPU.Build.0 = Release|Any CPU
	EndGlobalSection
	GlobalSection(SolutionProperties) = preSolution
		HideSolutionNode = FALSE
	EndGlobalSection
	GlobalSection(ExtensibilityGlobals) = postSolution
		SolutionGuid = {DF46F8AC-759C-46B4-A519-63FBFF2B9955}
	EndGlobalSection
EndGlobal
